
Microsoft Visual Studio Solution File, Format Version 12.00
# Visual Studio Version 17
VisualStudioVersion = 17.1.32210.238
MinimumVisualStudioVersion = 10.0.40219.1
Project("{FAE04EC0-301F-11D3-BF4B-00C04F79EFBC}") = "17MartTask", "17MartTask\17MartTask.csproj", "{F2B204E9-CC4A-4536-9CC3-4AC080CF872A}"
EndProject
Global
	GlobalSection(SolutionConfigurationPlatforms) = preSolution
		Debug|Any CPU = Debug|Any CPU
		Release|Any CPU = Release|Any CPU
	EndGlobalSection
	GlobalSection(ProjectConfigurationPlatforms) = postSolution
		{F2B204E9-CC4A-4536-9CC3-4AC080CF872A}.Debug|Any CPU.ActiveCfg = Debug|Any CPU
		{F2B204E9-CC4A-4536-9CC3-4AC080CF872A}.Debug|Any CPU.Build.0 = Debug|Any CPU
		{F2B204E9-CC4A-4536-9CC3-4AC080CF872A}.Release|Any CPU.ActiveCfg = Release|Any CPU
		{F2B204E9-CC4A-4536-9CC3-4AC080CF872A}.Release|Any CPU.Build.0 = Release|Any CPU
	EndGlobalSection
	GlobalSection(SolutionProperties) = preSolution
		HideSolutionNode = FALSE
	EndGlobalSection
	GlobalSection(ExtensibilityGlobals) = postSolution
		SolutionGuid = {A9D55BCE-BCF1-450D-8280-F046A74164BE}
	EndGlobalSection
EndGlobal
